{
  "version": 4,
  "terraform_version": "1.14.2",
  "serial": 7,
  "lineage": "f9e983b3-deac-e14f-d2e8-d3679f2160a6",
  "outputs": {},
  "resources": [
    {
      "mode": "managed",
      "type": "yandex_vpc_network",
      "name": "mlops_net",
      "provider": "provider[\"registry.terraform.io/yandex-cloud/yandex\"]",
      "instances": [
        {
          "schema_version": 0,
          "attributes": {
            "created_at": "2025-12-15T05:27:47Z",
            "default_security_group_id": "enp8nl3vqbv8u649i9ab",
            "description": "VPC for MLOps credit scoring PJ",
            "folder_id": "b1gvf0jo3m8s213vn84h",
            "id": "enpeh8e996ac2ohpk7k5",
            "labels": {},
            "name": "mlops-credit-scoring-net",
            "subnet_ids": [
              "e2le196775ri4dr70ec9",
              "e9bh2b2fvqkt62oarjpj",
              "fl8g26j8p945mt5c8kgu"
            ],
            "timeouts": null
          },
          "sensitive_attributes": [],
          "identity_schema_version": 0,
          "private": "eyJlMmJmYjczMC1lY2FhLTExZTYtOGY4OC0zNDM2M2JjN2M0YzAiOnsiY3JlYXRlIjo2MDAwMDAwMDAwMCwiZGVsZXRlIjo2MDAwMDAwMDAwMCwidXBkYXRlIjo2MDAwMDAwMDAwMH19"
        }
      ]
    },
    {
      "mode": "managed",
      "type": "yandex_vpc_subnet",
      "name": "subnet_a",
      "provider": "provider[\"registry.terraform.io/yandex-cloud/yandex\"]",
      "instances": [
        {
          "schema_version": 0,
          "attributes": {
            "created_at": "2025-12-15T05:27:50Z",
            "description": "",
            "dhcp_options": [],
            "folder_id": "b1gvf0jo3m8s213vn84h",
            "id": "e9bh2b2fvqkt62oarjpj",
            "labels": {},
            "name": "subnet-ru-central1-a",
            "network_id": "enpeh8e996ac2ohpk7k5",
            "route_table_id": "",
            "timeouts": null,
            "v4_cidr_blocks": [
              "10.1.0.0/24"
            ],
            "v6_cidr_blocks": [],
            "zone": "ru-central1-a"
          },
          "sensitive_attributes": [],
          "identity_schema_version": 0,
          "private": "eyJlMmJmYjczMC1lY2FhLTExZTYtOGY4OC0zNDM2M2JjN2M0YzAiOnsiY3JlYXRlIjoxODAwMDAwMDAwMDAsImRlbGV0ZSI6MTgwMDAwMDAwMDAwLCJ1cGRhdGUiOjE4MDAwMDAwMDAwMH19",
          "dependencies": [
            "yandex_vpc_network.mlops_net"
          ]
        }
      ]
    },
    {
      "mode": "managed",
      "type": "yandex_vpc_subnet",
      "name": "subnet_b",
      "provider": "provider[\"registry.terraform.io/yandex-cloud/yandex\"]",
      "instances": [
        {
          "schema_version": 0,
          "attributes": {
            "created_at": "2025-12-15T05:27:51Z",
            "description": "",
            "dhcp_options": [],
            "folder_id": "b1gvf0jo3m8s213vn84h",
            "id": "e2le196775ri4dr70ec9",
            "labels": {},
            "name": "subnet-ru-central1-b",
            "network_id": "enpeh8e996ac2ohpk7k5",
            "route_table_id": "",
            "timeouts": null,
            "v4_cidr_blocks": [
              "10.2.0.0/24"
            ],
            "v6_cidr_blocks": [],
            "zone": "ru-central1-b"
          },
          "sensitive_attributes": [],
          "identity_schema_version": 0,
          "private": "eyJlMmJmYjczMC1lY2FhLTExZTYtOGY4OC0zNDM2M2JjN2M0YzAiOnsiY3JlYXRlIjoxODAwMDAwMDAwMDAsImRlbGV0ZSI6MTgwMDAwMDAwMDAwLCJ1cGRhdGUiOjE4MDAwMDAwMDAwMH19",
          "dependencies": [
            "yandex_vpc_network.mlops_net"
          ]
        }
      ]
    },
    {
      "mode": "managed",
      "type": "yandex_vpc_subnet",
      "name": "subnet_d",
      "provider": "provider[\"registry.terraform.io/yandex-cloud/yandex\"]",
      "instances": [
        {
          "schema_version": 0,
          "attributes": {
            "created_at": "2025-12-15T05:27:50Z",
            "description": "",
            "dhcp_options": [],
            "folder_id": "b1gvf0jo3m8s213vn84h",
            "id": "fl8g26j8p945mt5c8kgu",
            "labels": {},
            "name": "subnet-ru-central1-d",
            "network_id": "enpeh8e996ac2ohpk7k5",
            "route_table_id": "",
            "timeouts": null,
            "v4_cidr_blocks": [
              "10.3.0.0/24"
            ],
            "v6_cidr_blocks": [],
            "zone": "ru-central1-d"
          },
          "sensitive_attributes": [],
          "identity_schema_version": 0,
          "private": "eyJlMmJmYjczMC1lY2FhLTExZTYtOGY4OC0zNDM2M2JjN2M0YzAiOnsiY3JlYXRlIjoxODAwMDAwMDAwMDAsImRlbGV0ZSI6MTgwMDAwMDAwMDAwLCJ1cGRhdGUiOjE4MDAwMDAwMDAwMH19",
          "dependencies": [
            "yandex_vpc_network.mlops_net"
          ]
        }
      ]
    }
  ],
  "check_results": null
}
